{
  "name": "iot-simulator-faker-generator-plugin",
  "version": "0.0.0",
  "lockfileVersion": 1,
  "requires": true,
  "dependencies": {
    "@types/jest": {
      "version": "23.3.14",
      "resolved": "https://registry.npmjs.org/@types/jest/-/jest-23.3.14.tgz",
      "integrity": "sha512-Q5hTcfdudEL2yOmluA1zaSyPbzWPmJ3XfSWeP3RyoYvS9hnje1ZyagrZOuQ6+1nQC1Gw+7gap3pLNL3xL6UBug==",
      "dev": true
    },
    "@types/node": {
      "version": "10.17.13",
      "resolved": "https://registry.npmjs.org/@types/node/-/node-10.17.13.tgz",
      "integrity": "sha512-pMCcqU2zT4TjqYFrWtYHKal7Sl30Ims6ulZ4UFXxI4xbtQqK/qqKwkDoBFCfooRqqmRu9vY3xaJRwxSh673aYg==",
      "dev": true
    }
  }
}
